
Microsoft Visual Studio Solution File, Format Version 12.00
# Visual Studio Version 16
VisualStudioVersion = 16.0.30717.126
MinimumVisualStudioVersion = 10.0.40219.1
Project("{9A19103F-16F7-4668-BE54-9A1E7A4F7556}") = "Tamago_ShopApi", "Tamago_ShopApi\Tamago_ShopApi.csproj", "{8C180121-BEED-4F4B-93E5-C694F66F5F20}"
EndProject
Project("{9A19103F-16F7-4668-BE54-9A1E7A4F7556}") = "Shared", "Shared\Shared.csproj", "{5F21EF96-2593-460C-A319-43CAE7CCA115}"
EndProject
Project("{9A19103F-16F7-4668-BE54-9A1E7A4F7556}") = "Tamago_InventoryApi", "Tamago_InventoryApi\Tamago_InventoryApi.csproj", "{8797BA9D-BACB-46AC-99F6-D83938C5F7E7}"
EndProject
Project("{9A19103F-16F7-4668-BE54-9A1E7A4F7556}") = "Tamago_BankApi", "Tamago_BankApi\Tamago_BankApi.csproj", "{D8D6C00C-C9FB-4CF2-AA19-8D614C614EE6}"
EndProject
Project("{FAE04EC0-301F-11D3-BF4B-00C04F79EFBC}") = "Shop", "Shop\Shop.csproj", "{5820AD10-C08C-4FA1-891D-602A0629B725}"
EndProject
Global
	GlobalSection(SolutionConfigurationPlatforms) = preSolution
		Debug|Any CPU = Debug|Any CPU
		Release|Any CPU = Release|Any CPU
	EndGlobalSection
	GlobalSection(ProjectConfigurationPlatforms) = postSolution
		{8C180121-BEED-4F4B-93E5-C694F66F5F20}.Debug|Any CPU.ActiveCfg = Debug|Any CPU
		{8C180121-BEED-4F4B-93E5-C694F66F5F20}.Debug|Any CPU.Build.0 = Debug|Any CPU
		{8C180121-BEED-4F4B-93E5-C694F66F5F20}.Release|Any CPU.ActiveCfg = Release|Any CPU
		{8C180121-BEED-4F4B-93E5-C694F66F5F20}.Release|Any CPU.Build.0 = Release|Any CPU
		{5F21EF96-2593-460C-A319-43CAE7CCA115}.Debug|Any CPU.ActiveCfg = Debug|Any CPU
		{5F21EF96-2593-460C-A319-43CAE7CCA115}.Debug|Any CPU.Build.0 = Debug|Any CPU
		{5F21EF96-2593-460C-A319-43CAE7CCA115}.Release|Any CPU.ActiveCfg = Release|Any CPU
		{5F21EF96-2593-460C-A319-43CAE7CCA115}.Release|Any CPU.Build.0 = Release|Any CPU
		{8797BA9D-BACB-46AC-99F6-D83938C5F7E7}.Debug|Any CPU.ActiveCfg = Debug|Any CPU
		{8797BA9D-BACB-46AC-99F6-D83938C5F7E7}.Debug|Any CPU.Build.0 = Debug|Any CPU
		{8797BA9D-BACB-46AC-99F6-D83938C5F7E7}.Release|Any CPU.ActiveCfg = Release|Any CPU
		{8797BA9D-BACB-46AC-99F6-D83938C5F7E7}.Release|Any CPU.Build.0 = Release|Any CPU
		{D8D6C00C-C9FB-4CF2-AA19-8D614C614EE6}.Debug|Any CPU.ActiveCfg = Debug|Any CPU
		{D8D6C00C-C9FB-4CF2-AA19-8D614C614EE6}.Debug|Any CPU.Build.0 = Debug|Any CPU
		{D8D6C00C-C9FB-4CF2-AA19-8D614C614EE6}.Release|Any CPU.ActiveCfg = Release|Any CPU
		{D8D6C00C-C9FB-4CF2-AA19-8D614C614EE6}.Release|Any CPU.Build.0 = Release|Any CPU
		{5820AD10-C08C-4FA1-891D-602A0629B725}.Debug|Any CPU.ActiveCfg = Debug|Any CPU
		{5820AD10-C08C-4FA1-891D-602A0629B725}.Debug|Any CPU.Build.0 = Debug|Any CPU
		{5820AD10-C08C-4FA1-891D-602A0629B725}.Release|Any CPU.ActiveCfg = Release|Any CPU
		{5820AD10-C08C-4FA1-891D-602A0629B725}.Release|Any CPU.Build.0 = Release|Any CPU
	EndGlobalSection
	GlobalSection(SolutionProperties) = preSolution
		HideSolutionNode = FALSE
	EndGlobalSection
	GlobalSection(ExtensibilityGlobals) = postSolution
		SolutionGuid = {EF836C62-45F0-4C31-A900-5F9B86715F65}
	EndGlobalSection
EndGlobal
